# THIS IS AN AUTOGENERATED FILE. DO NOT EDIT THIS FILE DIRECTLY.
# yarn lockfile v1


gitbook-plugin-toggle-chapters@^0.0.3:
  version "0.0.3"
  resolved "https://registry.yarnpkg.com/gitbook-plugin-toggle-chapters/-/gitbook-plugin-toggle-chapters-0.0.3.tgz#6e5f5aa61b9b2e221c380cdf6e928320015ecfb9"
